
Microsoft Visual Studio Solution File, Format Version 12.00
# Visual Studio Version 17
VisualStudioVersion = 17.4.33205.214
MinimumVisualStudioVersion = 10.0.40219.1
Project("{FAE04EC0-301F-11D3-BF4B-00C04F79EFBC}") = "Kviz", "Kviz\Kviz.csproj", "{E1ECFD54-2A96-4AA1-A4AC-813AA78FC107}"
EndProject
Global
	GlobalSection(SolutionConfigurationPlatforms) = preSolution
		Debug|Any CPU = Debug|Any CPU
		Release|Any CPU = Release|Any CPU
	EndGlobalSection
	GlobalSection(ProjectConfigurationPlatforms) = postSolution
		{E1ECFD54-2A96-4AA1-A4AC-813AA78FC107}.Debug|Any CPU.ActiveCfg = Debug|Any CPU
		{E1ECFD54-2A96-4AA1-A4AC-813AA78FC107}.Debug|Any CPU.Build.0 = Debug|Any CPU
		{E1ECFD54-2A96-4AA1-A4AC-813AA78FC107}.Release|Any CPU.ActiveCfg = Release|Any CPU
		{E1ECFD54-2A96-4AA1-A4AC-813AA78FC107}.Release|Any CPU.Build.0 = Release|Any CPU
	EndGlobalSection
	GlobalSection(SolutionProperties) = preSolution
		HideSolutionNode = FALSE
	EndGlobalSection
	GlobalSection(ExtensibilityGlobals) = postSolution
		SolutionGuid = {1815E2AA-2201-4C49-A790-D43A1371B38A}
	EndGlobalSection
EndGlobal
